{
  "name": "TP_JQuery",
  "version": "0.0.1",
  "lockfileVersion": 1,
  "requires": true,
  "dependencies": {
    "bootstrap": {
      "version": "3.3.7",
      "resolved": "https://registry.npmjs.org/bootstrap/-/bootstrap-3.3.7.tgz",
      "integrity": "sha1-WjiTlFSfIzMIdaOxUGVldPip63E="
    },
    "flat-ui": {
      "version": "2.1.1",
      "resolved": "https://registry.npmjs.org/flat-ui/-/flat-ui-2.1.1.tgz",
      "integrity": "sha1-Fr6JQT/E9EzST038DQTjPE9C4TU="
    }
  }
}
